
Microsoft Visual Studio Solution File, Format Version 10.00
# Visual Studio 2008
Project("{FAE04EC0-301F-11D3-BF4B-00C04F79EFBC}") = "BinarySerializationAnalysis", "BinarySerializationAnalysis.csproj", "{4CEAE4A9-D05E-4F30-BEF9-4E191C0CB4A1}"
EndProject
Global
	GlobalSection(SolutionConfigurationPlatforms) = preSolution
		Debug|Any CPU = Debug|Any CPU
		Release|Any CPU = Release|Any CPU
	EndGlobalSection
	GlobalSection(ProjectConfigurationPlatforms) = postSolution
		{4CEAE4A9-D05E-4F30-BEF9-4E191C0CB4A1}.Debug|Any CPU.ActiveCfg = Debug|Any CPU
		{4CEAE4A9-D05E-4F30-BEF9-4E191C0CB4A1}.Debug|Any CPU.Build.0 = Debug|Any CPU
		{4CEAE4A9-D05E-4F30-BEF9-4E191C0CB4A1}.Release|Any CPU.ActiveCfg = Release|Any CPU
		{4CEAE4A9-D05E-4F30-BEF9-4E191C0CB4A1}.Release|Any CPU.Build.0 = Release|Any CPU
	EndGlobalSection
	GlobalSection(SolutionProperties) = preSolution
		HideSolutionNode = FALSE
	EndGlobalSection
EndGlobal
